
Microsoft Visual Studio Solution File, Format Version 12.00
# Visual Studio Version 16
VisualStudioVersion = 16.0.29503.13
MinimumVisualStudioVersion = 10.0.40219.1
Project("{9A19103F-16F7-4668-BE54-9A1E7A4F7556}") = "Tengu.Network", "Tengu.Network\Tengu.Network.csproj", "{67EB30BC-1B27-449F-B13B-3439C2D03920}"
EndProject
Project("{9A19103F-16F7-4668-BE54-9A1E7A4F7556}") = "Tengu.ConsoleRunner", "Tengu.ConsoleRunner\Tengu.ConsoleRunner.csproj", "{99CDEAAF-EA9C-4342-9D2D-DECB7C780384}"
EndProject
Project("{FAE04EC0-301F-11D3-BF4B-00C04F79EFBC}") = "Tengu.Test", "Tengu.Test\Tengu.Test.csproj", "{7D0F863A-C917-4650-AA0C-AEA15C6DADE2}"
EndProject
Global
	GlobalSection(SolutionConfigurationPlatforms) = preSolution
		Debug|Any CPU = Debug|Any CPU
		Release|Any CPU = Release|Any CPU
	EndGlobalSection
	GlobalSection(ProjectConfigurationPlatforms) = postSolution
		{67EB30BC-1B27-449F-B13B-3439C2D03920}.Debug|Any CPU.ActiveCfg = Debug|Any CPU
		{67EB30BC-1B27-449F-B13B-3439C2D03920}.Debug|Any CPU.Build.0 = Debug|Any CPU
		{67EB30BC-1B27-449F-B13B-3439C2D03920}.Release|Any CPU.ActiveCfg = Release|Any CPU
		{67EB30BC-1B27-449F-B13B-3439C2D03920}.Release|Any CPU.Build.0 = Release|Any CPU
		{99CDEAAF-EA9C-4342-9D2D-DECB7C780384}.Debug|Any CPU.ActiveCfg = Debug|Any CPU
		{99CDEAAF-EA9C-4342-9D2D-DECB7C780384}.Debug|Any CPU.Build.0 = Debug|Any CPU
		{99CDEAAF-EA9C-4342-9D2D-DECB7C780384}.Release|Any CPU.ActiveCfg = Release|Any CPU
		{99CDEAAF-EA9C-4342-9D2D-DECB7C780384}.Release|Any CPU.Build.0 = Release|Any CPU
		{7D0F863A-C917-4650-AA0C-AEA15C6DADE2}.Debug|Any CPU.ActiveCfg = Debug|Any CPU
		{7D0F863A-C917-4650-AA0C-AEA15C6DADE2}.Debug|Any CPU.Build.0 = Debug|Any CPU
		{7D0F863A-C917-4650-AA0C-AEA15C6DADE2}.Release|Any CPU.ActiveCfg = Release|Any CPU
		{7D0F863A-C917-4650-AA0C-AEA15C6DADE2}.Release|Any CPU.Build.0 = Release|Any CPU
	EndGlobalSection
	GlobalSection(SolutionProperties) = preSolution
		HideSolutionNode = FALSE
	EndGlobalSection
	GlobalSection(ExtensibilityGlobals) = postSolution
		SolutionGuid = {1AD94EE2-D62D-40FB-8C40-75263DE0E7B3}
	EndGlobalSection
EndGlobal
