
Microsoft Visual Studio Solution File, Format Version 12.00
# Visual Studio 15
VisualStudioVersion = 15.0.27130.0
MinimumVisualStudioVersion = 10.0.40219.1
Project("{9A19103F-16F7-4668-BE54-9A1E7A4F7556}") = "Tengu.Utility", "Tengu.Utility\Tengu.Utility.csproj", "{CAE3163E-DF6D-4288-9E67-F59795EDBF7F}"
EndProject
Project("{9A19103F-16F7-4668-BE54-9A1E7A4F7556}") = "Tengu.Network", "Tengu.Network\Tengu.Network.csproj", "{31C9874D-A8AA-4D72-A964-83924591253F}"
EndProject
Project("{9A19103F-16F7-4668-BE54-9A1E7A4F7556}") = "Tengu.Test", "Tengu.Test\Tengu.Test.csproj", "{BF6BE37F-E1CF-4758-BBB6-CDB36342654E}"
EndProject
Global
	GlobalSection(SolutionConfigurationPlatforms) = preSolution
		Debug|Any CPU = Debug|Any CPU
		Release|Any CPU = Release|Any CPU
	EndGlobalSection
	GlobalSection(ProjectConfigurationPlatforms) = postSolution
		{CAE3163E-DF6D-4288-9E67-F59795EDBF7F}.Debug|Any CPU.ActiveCfg = Debug|Any CPU
		{CAE3163E-DF6D-4288-9E67-F59795EDBF7F}.Debug|Any CPU.Build.0 = Debug|Any CPU
		{CAE3163E-DF6D-4288-9E67-F59795EDBF7F}.Release|Any CPU.ActiveCfg = Release|Any CPU
		{CAE3163E-DF6D-4288-9E67-F59795EDBF7F}.Release|Any CPU.Build.0 = Release|Any CPU
		{31C9874D-A8AA-4D72-A964-83924591253F}.Debug|Any CPU.ActiveCfg = Debug|Any CPU
		{31C9874D-A8AA-4D72-A964-83924591253F}.Debug|Any CPU.Build.0 = Debug|Any CPU
		{31C9874D-A8AA-4D72-A964-83924591253F}.Release|Any CPU.ActiveCfg = Release|Any CPU
		{31C9874D-A8AA-4D72-A964-83924591253F}.Release|Any CPU.Build.0 = Release|Any CPU
		{BF6BE37F-E1CF-4758-BBB6-CDB36342654E}.Debug|Any CPU.ActiveCfg = Debug|Any CPU
		{BF6BE37F-E1CF-4758-BBB6-CDB36342654E}.Debug|Any CPU.Build.0 = Debug|Any CPU
		{BF6BE37F-E1CF-4758-BBB6-CDB36342654E}.Release|Any CPU.ActiveCfg = Release|Any CPU
		{BF6BE37F-E1CF-4758-BBB6-CDB36342654E}.Release|Any CPU.Build.0 = Release|Any CPU
	EndGlobalSection
	GlobalSection(SolutionProperties) = preSolution
		HideSolutionNode = FALSE
	EndGlobalSection
	GlobalSection(ExtensibilityGlobals) = postSolution
		SolutionGuid = {84D3D938-4025-4421-8C91-388B788703FE}
	EndGlobalSection
EndGlobal
