
Microsoft Visual Studio Solution File, Format Version 12.00
# Visual Studio 15
VisualStudioVersion = 15.0.27130.0
MinimumVisualStudioVersion = 10.0.40219.1
Project("{9A19103F-16F7-4668-BE54-9A1E7A4F7556}") = "Tengu.Network", "Tengu.Network\Tengu.Network.csproj", "{B4FFA108-A99B-4283-889A-BA9600109FEE}"
EndProject
Project("{FAE04EC0-301F-11D3-BF4B-00C04F79EFBC}") = "Tengu.Test", "Tengu.Test\Tengu.Test.csproj", "{94F89E24-E5AB-4777-8748-B3337DC81572}"
EndProject
Global
	GlobalSection(SolutionConfigurationPlatforms) = preSolution
		Debug|Any CPU = Debug|Any CPU
		Release|Any CPU = Release|Any CPU
	EndGlobalSection
	GlobalSection(ProjectConfigurationPlatforms) = postSolution
		{B4FFA108-A99B-4283-889A-BA9600109FEE}.Debug|Any CPU.ActiveCfg = Debug|Any CPU
		{B4FFA108-A99B-4283-889A-BA9600109FEE}.Debug|Any CPU.Build.0 = Debug|Any CPU
		{B4FFA108-A99B-4283-889A-BA9600109FEE}.Release|Any CPU.ActiveCfg = Release|Any CPU
		{B4FFA108-A99B-4283-889A-BA9600109FEE}.Release|Any CPU.Build.0 = Release|Any CPU
		{94F89E24-E5AB-4777-8748-B3337DC81572}.Debug|Any CPU.ActiveCfg = Debug|Any CPU
		{94F89E24-E5AB-4777-8748-B3337DC81572}.Debug|Any CPU.Build.0 = Debug|Any CPU
		{94F89E24-E5AB-4777-8748-B3337DC81572}.Release|Any CPU.ActiveCfg = Release|Any CPU
		{94F89E24-E5AB-4777-8748-B3337DC81572}.Release|Any CPU.Build.0 = Release|Any CPU
	EndGlobalSection
	GlobalSection(SolutionProperties) = preSolution
		HideSolutionNode = FALSE
	EndGlobalSection
	GlobalSection(ExtensibilityGlobals) = postSolution
		SolutionGuid = {84D3D938-4025-4421-8C91-388B788703FE}
	EndGlobalSection
EndGlobal
